
Microsoft Visual Studio Solution File, Format Version 12.00
# Visual Studio Version 17
VisualStudioVersion = 17.8.34309.116
MinimumVisualStudioVersion = 10.0.40219.1
Project("{9A19103F-16F7-4668-BE54-9A1E7A4F7556}") = "GangOfFour.AbstractFactory", "GangOfFour.AbstractFactory\GangOfFour.AbstractFactory.csproj", "{320A090B-C762-4B43-9559-D5BE505B3FBE}"
EndProject
Project("{FAE04EC0-301F-11D3-BF4B-00C04F79EFBC}") = "GangOfFour.Builder", "GangOfFour.Builder\GangOfFour.Builder.csproj", "{341E9BBB-E4A2-4228-B3ED-B79CE0FAEF63}"
EndProject
Global
	GlobalSection(SolutionConfigurationPlatforms) = preSolution
		Debug|Any CPU = Debug|Any CPU
		Release|Any CPU = Release|Any CPU
	EndGlobalSection
	GlobalSection(ProjectConfigurationPlatforms) = postSolution
		{320A090B-C762-4B43-9559-D5BE505B3FBE}.Debug|Any CPU.ActiveCfg = Debug|Any CPU
		{320A090B-C762-4B43-9559-D5BE505B3FBE}.Debug|Any CPU.Build.0 = Debug|Any CPU
		{320A090B-C762-4B43-9559-D5BE505B3FBE}.Release|Any CPU.ActiveCfg = Release|Any CPU
		{320A090B-C762-4B43-9559-D5BE505B3FBE}.Release|Any CPU.Build.0 = Release|Any CPU
		{341E9BBB-E4A2-4228-B3ED-B79CE0FAEF63}.Debug|Any CPU.ActiveCfg = Debug|Any CPU
		{341E9BBB-E4A2-4228-B3ED-B79CE0FAEF63}.Debug|Any CPU.Build.0 = Debug|Any CPU
		{341E9BBB-E4A2-4228-B3ED-B79CE0FAEF63}.Release|Any CPU.ActiveCfg = Release|Any CPU
		{341E9BBB-E4A2-4228-B3ED-B79CE0FAEF63}.Release|Any CPU.Build.0 = Release|Any CPU
	EndGlobalSection
	GlobalSection(SolutionProperties) = preSolution
		HideSolutionNode = FALSE
	EndGlobalSection
	GlobalSection(ExtensibilityGlobals) = postSolution
		SolutionGuid = {DB21D66D-C17B-41DD-B46A-3E00B50E7E1F}
	EndGlobalSection
EndGlobal
